
Microsoft Visual Studio Solution File, Format Version 12.00
# Visual Studio Version 17
VisualStudioVersion = 17.13.35931.197 d17.13
MinimumVisualStudioVersion = 10.0.40219.1
Project("{FAE04EC0-301F-11D3-BF4B-00C04F79EFBC}") = "CarShop25", "CarShop25\CarShop25.csproj", "{5ACE0718-C6F7-4826-9051-0051FD5D1023}"
EndProject
Global
	GlobalSection(SolutionConfigurationPlatforms) = preSolution
		Debug|Any CPU = Debug|Any CPU
		Release|Any CPU = Release|Any CPU
	EndGlobalSection
	GlobalSection(ProjectConfigurationPlatforms) = postSolution
		{5ACE0718-C6F7-4826-9051-0051FD5D1023}.Debug|Any CPU.ActiveCfg = Debug|Any CPU
		{5ACE0718-C6F7-4826-9051-0051FD5D1023}.Debug|Any CPU.Build.0 = Debug|Any CPU
		{5ACE0718-C6F7-4826-9051-0051FD5D1023}.Release|Any CPU.ActiveCfg = Release|Any CPU
		{5ACE0718-C6F7-4826-9051-0051FD5D1023}.Release|Any CPU.Build.0 = Release|Any CPU
	EndGlobalSection
	GlobalSection(SolutionProperties) = preSolution
		HideSolutionNode = FALSE
	EndGlobalSection
	GlobalSection(ExtensibilityGlobals) = postSolution
		SolutionGuid = {19DA19E2-66B4-449F-A84F-1DB66EF34C4C}
	EndGlobalSection
EndGlobal
